
Microsoft Visual Studio Solution File, Format Version 12.00
# Visual Studio Version 17
VisualStudioVersion = 17.13.35931.197
MinimumVisualStudioVersion = 10.0.40219.1
Project("{FAE04EC0-301F-11D3-BF4B-00C04F79EFBC}") = "AutomatedTester", "AutomatedTester\AutomatedTester.csproj", "{6874D310-CD8B-4563-A7C6-8AE659C4C88B}"
EndProject
Project("{FAE04EC0-301F-11D3-BF4B-00C04F79EFBC}") = "TestRunner", "Runner\TestRunner.csproj", "{E9F0EACE-F382-4A73-9D7E-1815848FBD3F}"
EndProject
Project("{2150E333-8FDC-42A3-9474-1A3956D46DE8}") = "Shared", "Shared", "{02EA681E-C7D8-13C7-8484-4AC65E1B71E8}"
EndProject
Project("{FAE04EC0-301F-11D3-BF4B-00C04F79EFBC}") = "GrpcProtoDefinitions", "GrpcProtoDefinitions\GrpcProtoDefinitions.csproj", "{F2EAD4D0-9256-4297-A7A7-B1F65B9C9328}"
EndProject
Project("{FAE04EC0-301F-11D3-BF4B-00C04F79EFBC}") = "TestDesingerAndTestReporter", "DesingerAndReporter\TestDesingerAndTestReporter.csproj", "{52FA768B-9BC0-42F1-B2BA-97FCCAF48A65}"
EndProject
Project("{FAE04EC0-301F-11D3-BF4B-00C04F79EFBC}") = "TestRunner.Tests", "TestRunner.Tests\TestRunner.Tests.csproj", "{71719EE7-CED9-4186-A64B-CBC4BF458C22}"
EndProject
Project("{2150E333-8FDC-42A3-9474-1A3956D46DE8}") = "_Test", "_Test", "{53D9BAF9-BC49-4E59-9548-AC112DED4C74}"
EndProject
Project("{FAE04EC0-301F-11D3-BF4B-00C04F79EFBC}") = "TestGrpcClient", "TestGrpcClient\TestGrpcClient.csproj", "{902FDA5A-48B5-4D64-930D-2EF64F43432C}"
EndProject
Project("{FAE04EC0-301F-11D3-BF4B-00C04F79EFBC}") = "TestGrpcServer", "TestGrpcServer\TestGrpcServer.csproj", "{8F1824B2-803B-4D6E-9015-D805DE8F6972}"
EndProject
Project("{FAE04EC0-301F-11D3-BF4B-00C04F79EFBC}") = "TestProtoLibrary", "TestProtoLibrary\TestProtoLibrary.csproj", "{F75C910D-7838-4D76-8EB0-24094E0DA831}"
EndProject
Project("{FAE04EC0-301F-11D3-BF4B-00C04F79EFBC}") = "TestWorkflowSteps", "TestWorkflowSteps\TestWorkflowSteps.csproj", "{B4948B72-26AB-45EE-8871-46551683213D}"
EndProject
Project("{FAE04EC0-301F-11D3-BF4B-00C04F79EFBC}") = "TestRunner.System", "TestRunner.System\TestRunner.System.csproj", "{E38584CB-E4F0-445A-8A68-BFF173C97F76}"
EndProject
Global
	GlobalSection(SolutionConfigurationPlatforms) = preSolution
		Debug|Any CPU = Debug|Any CPU
		Release|Any CPU = Release|Any CPU
	EndGlobalSection
	GlobalSection(ProjectConfigurationPlatforms) = postSolution
		{6874D310-CD8B-4563-A7C6-8AE659C4C88B}.Debug|Any CPU.ActiveCfg = Debug|Any CPU
		{6874D310-CD8B-4563-A7C6-8AE659C4C88B}.Debug|Any CPU.Build.0 = Debug|Any CPU
		{6874D310-CD8B-4563-A7C6-8AE659C4C88B}.Release|Any CPU.ActiveCfg = Release|Any CPU
		{6874D310-CD8B-4563-A7C6-8AE659C4C88B}.Release|Any CPU.Build.0 = Release|Any CPU
		{E9F0EACE-F382-4A73-9D7E-1815848FBD3F}.Debug|Any CPU.ActiveCfg = Debug|Any CPU
		{E9F0EACE-F382-4A73-9D7E-1815848FBD3F}.Debug|Any CPU.Build.0 = Debug|Any CPU
		{E9F0EACE-F382-4A73-9D7E-1815848FBD3F}.Release|Any CPU.ActiveCfg = Release|Any CPU
		{E9F0EACE-F382-4A73-9D7E-1815848FBD3F}.Release|Any CPU.Build.0 = Release|Any CPU
		{F2EAD4D0-9256-4297-A7A7-B1F65B9C9328}.Debug|Any CPU.ActiveCfg = Debug|Any CPU
		{F2EAD4D0-9256-4297-A7A7-B1F65B9C9328}.Debug|Any CPU.Build.0 = Debug|Any CPU
		{F2EAD4D0-9256-4297-A7A7-B1F65B9C9328}.Release|Any CPU.ActiveCfg = Release|Any CPU
		{F2EAD4D0-9256-4297-A7A7-B1F65B9C9328}.Release|Any CPU.Build.0 = Release|Any CPU
		{52FA768B-9BC0-42F1-B2BA-97FCCAF48A65}.Debug|Any CPU.ActiveCfg = Debug|Any CPU
		{52FA768B-9BC0-42F1-B2BA-97FCCAF48A65}.Debug|Any CPU.Build.0 = Debug|Any CPU
		{52FA768B-9BC0-42F1-B2BA-97FCCAF48A65}.Release|Any CPU.ActiveCfg = Release|Any CPU
		{52FA768B-9BC0-42F1-B2BA-97FCCAF48A65}.Release|Any CPU.Build.0 = Release|Any CPU
		{71719EE7-CED9-4186-A64B-CBC4BF458C22}.Debug|Any CPU.ActiveCfg = Debug|Any CPU
		{71719EE7-CED9-4186-A64B-CBC4BF458C22}.Debug|Any CPU.Build.0 = Debug|Any CPU
		{71719EE7-CED9-4186-A64B-CBC4BF458C22}.Release|Any CPU.ActiveCfg = Release|Any CPU
		{71719EE7-CED9-4186-A64B-CBC4BF458C22}.Release|Any CPU.Build.0 = Release|Any CPU
		{902FDA5A-48B5-4D64-930D-2EF64F43432C}.Debug|Any CPU.ActiveCfg = Debug|Any CPU
		{902FDA5A-48B5-4D64-930D-2EF64F43432C}.Debug|Any CPU.Build.0 = Debug|Any CPU
		{902FDA5A-48B5-4D64-930D-2EF64F43432C}.Release|Any CPU.ActiveCfg = Release|Any CPU
		{902FDA5A-48B5-4D64-930D-2EF64F43432C}.Release|Any CPU.Build.0 = Release|Any CPU
		{8F1824B2-803B-4D6E-9015-D805DE8F6972}.Debug|Any CPU.ActiveCfg = Debug|Any CPU
		{8F1824B2-803B-4D6E-9015-D805DE8F6972}.Debug|Any CPU.Build.0 = Debug|Any CPU
		{8F1824B2-803B-4D6E-9015-D805DE8F6972}.Release|Any CPU.ActiveCfg = Release|Any CPU
		{8F1824B2-803B-4D6E-9015-D805DE8F6972}.Release|Any CPU.Build.0 = Release|Any CPU
		{F75C910D-7838-4D76-8EB0-24094E0DA831}.Debug|Any CPU.ActiveCfg = Debug|Any CPU
		{F75C910D-7838-4D76-8EB0-24094E0DA831}.Debug|Any CPU.Build.0 = Debug|Any CPU
		{F75C910D-7838-4D76-8EB0-24094E0DA831}.Release|Any CPU.ActiveCfg = Release|Any CPU
		{F75C910D-7838-4D76-8EB0-24094E0DA831}.Release|Any CPU.Build.0 = Release|Any CPU
		{B4948B72-26AB-45EE-8871-46551683213D}.Debug|Any CPU.ActiveCfg = Debug|Any CPU
		{B4948B72-26AB-45EE-8871-46551683213D}.Debug|Any CPU.Build.0 = Debug|Any CPU
		{B4948B72-26AB-45EE-8871-46551683213D}.Release|Any CPU.ActiveCfg = Release|Any CPU
		{B4948B72-26AB-45EE-8871-46551683213D}.Release|Any CPU.Build.0 = Release|Any CPU
		{E38584CB-E4F0-445A-8A68-BFF173C97F76}.Debug|Any CPU.ActiveCfg = Debug|Any CPU
		{E38584CB-E4F0-445A-8A68-BFF173C97F76}.Debug|Any CPU.Build.0 = Debug|Any CPU
		{E38584CB-E4F0-445A-8A68-BFF173C97F76}.Release|Any CPU.ActiveCfg = Release|Any CPU
		{E38584CB-E4F0-445A-8A68-BFF173C97F76}.Release|Any CPU.Build.0 = Release|Any CPU
	EndGlobalSection
	GlobalSection(SolutionProperties) = preSolution
		HideSolutionNode = FALSE
	EndGlobalSection
	GlobalSection(NestedProjects) = preSolution
		{F2EAD4D0-9256-4297-A7A7-B1F65B9C9328} = {02EA681E-C7D8-13C7-8484-4AC65E1B71E8}
		{902FDA5A-48B5-4D64-930D-2EF64F43432C} = {53D9BAF9-BC49-4E59-9548-AC112DED4C74}
		{8F1824B2-803B-4D6E-9015-D805DE8F6972} = {53D9BAF9-BC49-4E59-9548-AC112DED4C74}
		{F75C910D-7838-4D76-8EB0-24094E0DA831} = {53D9BAF9-BC49-4E59-9548-AC112DED4C74}
		{B4948B72-26AB-45EE-8871-46551683213D} = {53D9BAF9-BC49-4E59-9548-AC112DED4C74}
	EndGlobalSection
	GlobalSection(ExtensibilityGlobals) = postSolution
		SolutionGuid = {8E2BE2C4-C967-4CEF-B711-BD2E19A7D227}
	EndGlobalSection
EndGlobal
